<?xml version="1.0" encoding="utf-8"?>
<Project ToolsVersion="4.0" xmlns="http://schemas.microsoft.com/developer/msbuild/2003">
  <ItemGroup>
    <ClCompile Include="src\testApp.cpp">
      <Filter>src</Filter>
    </ClCompile>
    <ClCompile Include="src\main.cpp">
      <Filter>src</Filter>
    </ClCompile>
    <ClCompile Include="src\Tree\EverTree.cpp">
      <Filter>src\Tree</Filter>
    </ClCompile>
    <ClCompile Include="src\Tree\EverBranch.cpp">
      <Filter>src\Tree</Filter>
    </ClCompile>
    <ClCompile Include="src\Tree\EverLeaf.cpp">
      <Filter>src\Tree</Filter>
    </ClCompile>
    <ClCompile Include="src\Environment\EverWeather.cpp">
      <Filter>src\Environment</Filter>
    </ClCompile>
    <ClCompile Include="src\Environment\EverEnvironment.cpp">
      <Filter>src\Environment</Filter>
    </ClCompile>
    <ClCompile Include="src\Draw\EverTexture.cpp">
      <Filter>src\Draw</Filter>
    </ClCompile>
    <ClCompile Include="src\Draw\BranchTexture.cpp">
      <Filter>src\Draw</Filter>
    </ClCompile>
    <ClCompile Include="src\PhysicalController\QuadEncoder.cpp">
      <Filter>src\PhysicalController</Filter>
    </ClCompile>
    <ClCompile Include="src\PhysicalController\PhysicalController.cpp">
      <Filter>src\PhysicalController</Filter>
    </ClCompile>
  </ItemGroup>
  <ItemGroup>
    <Filter Include="src">
      <UniqueIdentifier>{d8376475-7454-4a24-b08a-aac121d3ad6f}</UniqueIdentifier>
    </Filter>
    <Filter Include="src\Tree">
      <UniqueIdentifier>{2b25cc14-c62e-44e7-ba69-5e8d85f853de}</UniqueIdentifier>
    </Filter>
    <Filter Include="src\Environment">
      <UniqueIdentifier>{a113993b-df37-486f-b0f7-11b50dc222ee}</UniqueIdentifier>
    </Filter>
    <Filter Include="src\Draw">
      <UniqueIdentifier>{cb8ac12e-900c-4f34-b52b-cb37893f9c09}</UniqueIdentifier>
    </Filter>
    <Filter Include="src\PhysicalController">
      <UniqueIdentifier>{1a9cd482-7c94-45c0-ad56-40c2fb8ecdc4}</UniqueIdentifier>
    </Filter>
  </ItemGroup>
  <ItemGroup>
    <ClInclude Include="src\testApp.h">
      <Filter>src</Filter>
    </ClInclude>
    <ClInclude Include="src\Tree\EverTree.h">
      <Filter>src\Tree</Filter>
    </ClInclude>
    <ClInclude Include="src\Tree\EverBranch.h">
      <Filter>src\Tree</Filter>
    </ClInclude>
    <ClInclude Include="src\Tree\EverLeaf.h">
      <Filter>src\Tree</Filter>
    </ClInclude>
    <ClInclude Include="src\Environment\EverWeather.h">
      <Filter>src\Environment</Filter>
    </ClInclude>
    <ClInclude Include="src\Environment\EverEnvironment.h">
      <Filter>src\Environment</Filter>
    </ClInclude>
    <ClInclude Include="src\Draw\BranchTexture.h">
      <Filter>src\Draw</Filter>
    </ClInclude>
    <ClInclude Include="src\Draw\EverTexture.h">
      <Filter>src\Draw</Filter>
    </ClInclude>
    <ClInclude Include="src\PhysicalController\QuadEncoder.h">
      <Filter>src\PhysicalController</Filter>
    </ClInclude>
    <ClInclude Include="src\PhysicalController\PhysicalController.h">
      <Filter>src\PhysicalController</Filter>
    </ClInclude>
  </ItemGroup>
  <ItemGroup>
    <None Include="ClassDiagram.cd" />
  </ItemGroup>
</Project>