<?xml version="1.0" encoding="utf-8"?>
<Project ToolsVersion="4.0" xmlns="http://schemas.microsoft.com/developer/msbuild/2003">
  <ItemGroup>
    <ClCompile Include="src\DisplayManager.cpp" />
    <ClCompile Include="src\Draw\BranchTexture.cpp" />
    <ClCompile Include="src\Draw\EverTexture.cpp" />
    <ClCompile Include="src\Draw\GrassTexture.cpp" />
    <ClCompile Include="src\Environment\EverEnvironment.cpp" />
    <ClCompile Include="src\Environment\EverGround.cpp" />
    <ClCompile Include="src\Environment\EverWeather.cpp" />
    <ClCompile Include="src\main.cpp" />
    <ClCompile Include="src\PhysicalController\PhysicalController.cpp" />
    <ClCompile Include="src\PhysicalController\QuadEncoder.cpp" />
    <ClCompile Include="src\testApp.cpp" />
    <ClCompile Include="src\Tree\EverBranch.cpp" />
    <ClCompile Include="src\Tree\EverLeaf.cpp" />
    <ClCompile Include="src\Tree\EverTree.cpp" />
    <ClCompile Include="src\Draw\SimpleTexture.cpp" />
    <ClCompile Include="src\Environment\EverFlower.cpp" />
    <ClCompile Include="src\Environment\EverCloud.cpp" />
    <ClCompile Include="src\EvergreenApp.cpp" />
    <ClCompile Include="src\Draw\DisplayLayer.cpp" />
  </ItemGroup>
  <ItemGroup>
    <ClInclude Include="src\DisplayManager.h" />
    <ClInclude Include="src\Draw\BranchTexture.h" />
    <ClInclude Include="src\Draw\EverTexture.h" />
    <ClInclude Include="src\Draw\GrassTexture.h" />
    <ClInclude Include="src\Environment\EverEnvironment.h" />
    <ClInclude Include="src\Environment\EverGround.h" />
    <ClInclude Include="src\Environment\EverWeather.h" />
    <ClInclude Include="src\PhysicalController\PhysicalController.h" />
    <ClInclude Include="src\PhysicalController\QuadEncoder.h" />
    <ClInclude Include="src\testApp.h" />
    <ClInclude Include="src\Tree\EverBranch.h" />
    <ClInclude Include="src\Tree\EverLeaf.h" />
    <ClInclude Include="src\Tree\EverTree.h" />
    <ClInclude Include="src\Draw\SimpleTexture.h" />
    <ClInclude Include="src\Environment\EverFlower.h" />
    <ClInclude Include="src\Environment\EverCloud.h" />
    <ClInclude Include="src\EvergreenApp.h" />
    <ClInclude Include="src\Draw\DisplayLayer.h" />
  </ItemGroup>
  <ItemGroup>
    <None Include="ClassDiagram.cd" />
  </ItemGroup>
</Project>